
Microsoft Visual Studio Solution File, Format Version 12.00
Project("{FAE04EC0-301F-11D3-BF4B-00C04F79EFBC}") = "Avalonia.PlaylistsParser", "Avalonia.PlaylistsParser\Avalonia.PlaylistsParser.csproj", "{072C6274-CB58-4D68-88E2-2EEB8F234EDB}"
EndProject
Global
	GlobalSection(SolutionConfigurationPlatforms) = preSolution
		Debug|Any CPU = Debug|Any CPU
		Release|Any CPU = Release|Any CPU
	EndGlobalSection
	GlobalSection(ProjectConfigurationPlatforms) = postSolution
		{072C6274-CB58-4D68-88E2-2EEB8F234EDB}.Debug|Any CPU.ActiveCfg = Debug|Any CPU
		{072C6274-CB58-4D68-88E2-2EEB8F234EDB}.Debug|Any CPU.Build.0 = Debug|Any CPU
		{072C6274-CB58-4D68-88E2-2EEB8F234EDB}.Release|Any CPU.ActiveCfg = Release|Any CPU
		{072C6274-CB58-4D68-88E2-2EEB8F234EDB}.Release|Any CPU.Build.0 = Release|Any CPU
	EndGlobalSection
EndGlobal
